
Microsoft Visual Studio Solution File, Format Version 12.00
# Visual Studio 15
VisualStudioVersion = 15.0.28307.1082
MinimumVisualStudioVersion = 10.0.40219.1
Project("{8BC9CEB8-8B4A-11D0-8D11-00A0C91BC942}") = "11.04_Lab_VS", "11.04_Lab_VS\11.04_Lab_VS.vcxproj", "{F1543EB3-529D-4030-8D52-B99434D92982}"
EndProject
Global
	GlobalSection(SolutionConfigurationPlatforms) = preSolution
		Debug|x64 = Debug|x64
		Debug|x86 = Debug|x86
		Release|x64 = Release|x64
		Release|x86 = Release|x86
	EndGlobalSection
	GlobalSection(ProjectConfigurationPlatforms) = postSolution
		{F1543EB3-529D-4030-8D52-B99434D92982}.Debug|x64.ActiveCfg = Debug|x64
		{F1543EB3-529D-4030-8D52-B99434D92982}.Debug|x64.Build.0 = Debug|x64
		{F1543EB3-529D-4030-8D52-B99434D92982}.Debug|x86.ActiveCfg = Debug|Win32
		{F1543EB3-529D-4030-8D52-B99434D92982}.Debug|x86.Build.0 = Debug|Win32
		{F1543EB3-529D-4030-8D52-B99434D92982}.Release|x64.ActiveCfg = Release|x64
		{F1543EB3-529D-4030-8D52-B99434D92982}.Release|x64.Build.0 = Release|x64
		{F1543EB3-529D-4030-8D52-B99434D92982}.Release|x86.ActiveCfg = Release|Win32
		{F1543EB3-529D-4030-8D52-B99434D92982}.Release|x86.Build.0 = Release|Win32
	EndGlobalSection
	GlobalSection(SolutionProperties) = preSolution
		HideSolutionNode = FALSE
	EndGlobalSection
	GlobalSection(ExtensibilityGlobals) = postSolution
		SolutionGuid = {8F830583-6782-45B9-A23E-61D173D8AF51}
	EndGlobalSection
EndGlobal
