
Microsoft Visual Studio Solution File, Format Version 12.00
# Visual Studio 15
VisualStudioVersion = 15.0.28307.1082
MinimumVisualStudioVersion = 10.0.40219.1
Project("{8BC9CEB8-8B4A-11D0-8D11-00A0C91BC942}") = "큐두개로스택만들기", "큐두개로스택만들기\큐두개로스택만들기.vcxproj", "{FC665A67-C12A-45B6-ACE9-130854531DC7}"
EndProject
Global
	GlobalSection(SolutionConfigurationPlatforms) = preSolution
		Debug|x64 = Debug|x64
		Debug|x86 = Debug|x86
		Release|x64 = Release|x64
		Release|x86 = Release|x86
	EndGlobalSection
	GlobalSection(ProjectConfigurationPlatforms) = postSolution
		{FC665A67-C12A-45B6-ACE9-130854531DC7}.Debug|x64.ActiveCfg = Debug|x64
		{FC665A67-C12A-45B6-ACE9-130854531DC7}.Debug|x64.Build.0 = Debug|x64
		{FC665A67-C12A-45B6-ACE9-130854531DC7}.Debug|x86.ActiveCfg = Debug|Win32
		{FC665A67-C12A-45B6-ACE9-130854531DC7}.Debug|x86.Build.0 = Debug|Win32
		{FC665A67-C12A-45B6-ACE9-130854531DC7}.Release|x64.ActiveCfg = Release|x64
		{FC665A67-C12A-45B6-ACE9-130854531DC7}.Release|x64.Build.0 = Release|x64
		{FC665A67-C12A-45B6-ACE9-130854531DC7}.Release|x86.ActiveCfg = Release|Win32
		{FC665A67-C12A-45B6-ACE9-130854531DC7}.Release|x86.Build.0 = Release|Win32
	EndGlobalSection
	GlobalSection(SolutionProperties) = preSolution
		HideSolutionNode = FALSE
	EndGlobalSection
	GlobalSection(ExtensibilityGlobals) = postSolution
		SolutionGuid = {DEF4EB21-CFCC-4EAF-9424-3C1F45E67F80}
	EndGlobalSection
EndGlobal
