
Microsoft Visual Studio Solution File, Format Version 12.00
# Visual Studio 15
VisualStudioVersion = 15.0.28307.1082
MinimumVisualStudioVersion = 10.0.40219.1
Project("{8BC9CEB8-8B4A-11D0-8D11-00A0C91BC942}") = "4주차 과제 2", "4주차 과제 2\4주차 과제 2.vcxproj", "{34F4A6D0-B412-4EE9-9B56-CCB60BB16DDC}"
EndProject
Global
	GlobalSection(SolutionConfigurationPlatforms) = preSolution
		Debug|x64 = Debug|x64
		Debug|x86 = Debug|x86
		Release|x64 = Release|x64
		Release|x86 = Release|x86
	EndGlobalSection
	GlobalSection(ProjectConfigurationPlatforms) = postSolution
		{34F4A6D0-B412-4EE9-9B56-CCB60BB16DDC}.Debug|x64.ActiveCfg = Debug|x64
		{34F4A6D0-B412-4EE9-9B56-CCB60BB16DDC}.Debug|x64.Build.0 = Debug|x64
		{34F4A6D0-B412-4EE9-9B56-CCB60BB16DDC}.Debug|x86.ActiveCfg = Debug|Win32
		{34F4A6D0-B412-4EE9-9B56-CCB60BB16DDC}.Debug|x86.Build.0 = Debug|Win32
		{34F4A6D0-B412-4EE9-9B56-CCB60BB16DDC}.Release|x64.ActiveCfg = Release|x64
		{34F4A6D0-B412-4EE9-9B56-CCB60BB16DDC}.Release|x64.Build.0 = Release|x64
		{34F4A6D0-B412-4EE9-9B56-CCB60BB16DDC}.Release|x86.ActiveCfg = Release|Win32
		{34F4A6D0-B412-4EE9-9B56-CCB60BB16DDC}.Release|x86.Build.0 = Release|Win32
	EndGlobalSection
	GlobalSection(SolutionProperties) = preSolution
		HideSolutionNode = FALSE
	EndGlobalSection
	GlobalSection(ExtensibilityGlobals) = postSolution
		SolutionGuid = {56CD93D9-1D87-4B72-9366-233E5EB13175}
	EndGlobalSection
EndGlobal
