
Microsoft Visual Studio Solution File, Format Version 12.00
# Visual Studio 15
VisualStudioVersion = 15.0.28307.1082
MinimumVisualStudioVersion = 10.0.40219.1
Project("{8BC9CEB8-8B4A-11D0-8D11-00A0C91BC942}") = "운체", "운체\운체.vcxproj", "{80930F30-A690-446A-98DB-0CDBF2E51011}"
EndProject
Global
	GlobalSection(SolutionConfigurationPlatforms) = preSolution
		Debug|x64 = Debug|x64
		Debug|x86 = Debug|x86
		Release|x64 = Release|x64
		Release|x86 = Release|x86
	EndGlobalSection
	GlobalSection(ProjectConfigurationPlatforms) = postSolution
		{80930F30-A690-446A-98DB-0CDBF2E51011}.Debug|x64.ActiveCfg = Debug|x64
		{80930F30-A690-446A-98DB-0CDBF2E51011}.Debug|x64.Build.0 = Debug|x64
		{80930F30-A690-446A-98DB-0CDBF2E51011}.Debug|x86.ActiveCfg = Debug|Win32
		{80930F30-A690-446A-98DB-0CDBF2E51011}.Debug|x86.Build.0 = Debug|Win32
		{80930F30-A690-446A-98DB-0CDBF2E51011}.Release|x64.ActiveCfg = Release|x64
		{80930F30-A690-446A-98DB-0CDBF2E51011}.Release|x64.Build.0 = Release|x64
		{80930F30-A690-446A-98DB-0CDBF2E51011}.Release|x86.ActiveCfg = Release|Win32
		{80930F30-A690-446A-98DB-0CDBF2E51011}.Release|x86.Build.0 = Release|Win32
	EndGlobalSection
	GlobalSection(SolutionProperties) = preSolution
		HideSolutionNode = FALSE
	EndGlobalSection
	GlobalSection(ExtensibilityGlobals) = postSolution
		SolutionGuid = {788DA585-0CF1-48CD-AA5B-12DC77E489BF}
	EndGlobalSection
EndGlobal
